
Microsoft Visual Studio Solution File, Format Version 12.00
# Visual Studio Version 16
VisualStudioVersion = 16.0.31624.102
MinimumVisualStudioVersion = 10.0.40219.1
Project("{FAE04EC0-301F-11D3-BF4B-00C04F79EFBC}") = "EPAFaculdade", "EPAFaculdade.csproj", "{EA9016F0-A033-4B3D-AD1B-D195D96D1458}"
EndProject
Global
	GlobalSection(SolutionConfigurationPlatforms) = preSolution
		Debug|Any CPU = Debug|Any CPU
		Release|Any CPU = Release|Any CPU
	EndGlobalSection
	GlobalSection(ProjectConfigurationPlatforms) = postSolution
		{EA9016F0-A033-4B3D-AD1B-D195D96D1458}.Debug|Any CPU.ActiveCfg = Debug|Any CPU
		{EA9016F0-A033-4B3D-AD1B-D195D96D1458}.Debug|Any CPU.Build.0 = Debug|Any CPU
		{EA9016F0-A033-4B3D-AD1B-D195D96D1458}.Release|Any CPU.ActiveCfg = Release|Any CPU
		{EA9016F0-A033-4B3D-AD1B-D195D96D1458}.Release|Any CPU.Build.0 = Release|Any CPU
	EndGlobalSection
	GlobalSection(SolutionProperties) = preSolution
		HideSolutionNode = FALSE
	EndGlobalSection
	GlobalSection(ExtensibilityGlobals) = postSolution
		SolutionGuid = {F1E03AEA-884E-4B71-912F-31D7616583E3}
	EndGlobalSection
EndGlobal
